
Microsoft Visual Studio Solution File, Format Version 12.00
# Visual Studio Version 17
VisualStudioVersion = 17.14.36623.8
MinimumVisualStudioVersion = 10.0.40219.1
Project("{FAE04EC0-301F-11D3-BF4B-00C04F79EFBC}") = "InventoryManagementSystem", "InventoryManagementSystem\InventoryManagementSystem.csproj", "{12A2DA4E-5F1F-4344-A817-392EB6669C32}"
EndProject
Global
	GlobalSection(SolutionConfigurationPlatforms) = preSolution
		Debug|Any CPU = Debug|Any CPU
		Release|Any CPU = Release|Any CPU
	EndGlobalSection
	GlobalSection(ProjectConfigurationPlatforms) = postSolution
		{12A2DA4E-5F1F-4344-A817-392EB6669C32}.Debug|Any CPU.ActiveCfg = Debug|Any CPU
		{12A2DA4E-5F1F-4344-A817-392EB6669C32}.Debug|Any CPU.Build.0 = Debug|Any CPU
		{12A2DA4E-5F1F-4344-A817-392EB6669C32}.Release|Any CPU.ActiveCfg = Release|Any CPU
		{12A2DA4E-5F1F-4344-A817-392EB6669C32}.Release|Any CPU.Build.0 = Release|Any CPU
	EndGlobalSection
	GlobalSection(SolutionProperties) = preSolution
		HideSolutionNode = FALSE
	EndGlobalSection
	GlobalSection(ExtensibilityGlobals) = postSolution
		SolutionGuid = {ABD3F85D-4AD9-485A-8AE1-32A1C765EC92}
	EndGlobalSection
EndGlobal
